PODS:
  - ObjectMapper (4.2.0)
  - SevenModular (0.1.8):
    - ObjectMapper (~> 4.2.0)
    - WCDB.swift (~> 1.0.8.2)
    - ZIPFoundation (~> 0.9.11)
  - SQLiteRepairKit (1.2.2):
    - WCDBOptimizedSQLCipher (~> 1.2.0)
  - WCDB.swift (1.0.8.2):
    - SQLiteRepairKit (~> 1.2.0)
    - WCDBOptimizedSQLCipher (~> 1.2.0)
  - WCDBOptimizedSQLCipher (1.2.1)
  - ZIPFoundation (0.9.11)

DEPENDENCIES:
  - SevenModular (from `../`)

SPEC REPOS:
  trunk:
    - ObjectMapper
    - SQLiteRepairKit
    - WCDB.swift
    - WCDBOptimizedSQLCipher
    - ZIPFoundation

EXTERNAL SOURCES:
  SevenModular:
    :path: "../"

SPEC CHECKSUMS:
  ObjectMapper: 1eb41f610210777375fa806bf161dc39fb832b81
  SevenModular: ec89db3f36e66401b2b4de47f4a4b9fcc2e5772d
  SQLiteRepairKit: 35aaae5a8838adb85f5b1eb4d796055be6060a4b
  WCDB.swift: 05d509d7a0e60fb6e11c34eb7e4027c0fab5849f
  WCDBOptimizedSQLCipher: baf44493b0c7a3d49e97bc5b64a3856f6428ddd1
  ZIPFoundation: b1f0de4eed33e74a676f76e12559ab6b75990197

PODFILE CHECKSUM: 11d08bf0c12268bf64ed25800c8ee2b9564db7a8

COCOAPODS: 1.10.1
